<?xml version="1.0" encoding="utf-8"?>
<Project ToolsVersion="4.0" xmlns="http://schemas.microsoft.com/developer/msbuild/2003">
  <ItemGroup>
    <Filter Include="소스 파일">
      <UniqueIdentifier>{4FC737F1-C7A5-4376-A066-2A32D752A2FF}</UniqueIdentifier>
      <Extensions>cpp;c;cc;cxx;def;odl;idl;hpj;bat;asm;asmx</Extensions>
    </Filter>
    <Filter Include="헤더 파일">
      <UniqueIdentifier>{93995380-89BD-4b04-88EB-625FBE52EBFB}</UniqueIdentifier>
      <Extensions>h;hh;hpp;hxx;hm;inl;inc;xsd</Extensions>
    </Filter>
    <Filter Include="Config">
      <UniqueIdentifier>{46a5e176-20bf-4612-b29b-3b3ec5cfd6da}</UniqueIdentifier>
    </Filter>
  </ItemGroup>
  <ItemGroup>
    <ClInclude Include="stdafx.h">
      <Filter>헤더 파일</Filter>
    </ClInclude>
    <ClInclude Include="targetver.h">
      <Filter>헤더 파일</Filter>
    </ClInclude>
    <ClInclude Include="GameNet.h">
      <Filter>헤더 파일</Filter>
    </ClInclude>
    <ClInclude Include="UserLine.h">
      <Filter>헤더 파일</Filter>
    </ClInclude>
    <ClInclude Include="TestMsg.h">
      <Filter>헤더 파일</Filter>
    </ClInclude>
  </ItemGroup>
  <ItemGroup>
    <ClCompile Include="stdafx.cpp">
      <Filter>소스 파일</Filter>
    </ClCompile>
    <ClCompile Include="net_example01.cpp">
      <Filter>소스 파일</Filter>
    </ClCompile>
    <ClCompile Include="GameNet.cpp">
      <Filter>소스 파일</Filter>
    </ClCompile>
    <ClCompile Include="UserLine.cpp">
      <Filter>소스 파일</Filter>
    </ClCompile>
    <ClCompile Include="TestMsg.cpp">
      <Filter>소스 파일</Filter>
    </ClCompile>
  </ItemGroup>
  <ItemGroup>
    <None Include="packages.config" />
    <None Include="net_example01_conf.ini">
      <Filter>Config</Filter>
    </None>
  </ItemGroup>
</Project>